
Microsoft Visual Studio Solution File, Format Version 12.00
# Visual Studio 15
VisualStudioVersion = 15.0.27130.2010
MinimumVisualStudioVersion = 10.0.40219.1
Project("{FAE04EC0-301F-11D3-BF4B-00C04F79EFBC}") = "WarmWaterService", "WarmWaterService\WarmWaterService.csproj", "{25403341-E44D-4130-BE80-9D2BA607CE91}"
EndProject
Project("{FAE04EC0-301F-11D3-BF4B-00C04F79EFBC}") = "ImageProcessing", "ImageProcessing\ImageProcessing.csproj", "{EE493E85-AA75-40BF-9326-A446B039A3B8}"
EndProject
Project("{FAE04EC0-301F-11D3-BF4B-00C04F79EFBC}") = "DataStorage", "DataStorage\DataStorage.csproj", "{DFABB94F-A9D4-4F29-A9DF-A545960FBB2B}"
EndProject
Project("{FAE04EC0-301F-11D3-BF4B-00C04F79EFBC}") = "Common", "Common\Common.csproj", "{9267E9A6-8066-4C74-AF42-C634C12C0F4D}"
EndProject
Project("{FAE04EC0-301F-11D3-BF4B-00C04F79EFBC}") = "NancyWebServer", "NancyWebServer\NancyWebServer.csproj", "{9D14788C-80E8-472D-9309-0CE88637BA7E}"
EndProject
Global
	GlobalSection(SolutionConfigurationPlatforms) = preSolution
		Debug|Any CPU = Debug|Any CPU
		Release|Any CPU = Release|Any CPU
	EndGlobalSection
	GlobalSection(ProjectConfigurationPlatforms) = postSolution
		{25403341-E44D-4130-BE80-9D2BA607CE91}.Debug|Any CPU.ActiveCfg = Debug|Any CPU
		{25403341-E44D-4130-BE80-9D2BA607CE91}.Debug|Any CPU.Build.0 = Debug|Any CPU
		{25403341-E44D-4130-BE80-9D2BA607CE91}.Release|Any CPU.ActiveCfg = Release|Any CPU
		{25403341-E44D-4130-BE80-9D2BA607CE91}.Release|Any CPU.Build.0 = Release|Any CPU
		{EE493E85-AA75-40BF-9326-A446B039A3B8}.Debug|Any CPU.ActiveCfg = Debug|Any CPU
		{EE493E85-AA75-40BF-9326-A446B039A3B8}.Debug|Any CPU.Build.0 = Debug|Any CPU
		{EE493E85-AA75-40BF-9326-A446B039A3B8}.Release|Any CPU.ActiveCfg = Release|Any CPU
		{EE493E85-AA75-40BF-9326-A446B039A3B8}.Release|Any CPU.Build.0 = Release|Any CPU
		{DFABB94F-A9D4-4F29-A9DF-A545960FBB2B}.Debug|Any CPU.ActiveCfg = Debug|Any CPU
		{DFABB94F-A9D4-4F29-A9DF-A545960FBB2B}.Debug|Any CPU.Build.0 = Debug|Any CPU
		{DFABB94F-A9D4-4F29-A9DF-A545960FBB2B}.Release|Any CPU.ActiveCfg = Release|Any CPU
		{DFABB94F-A9D4-4F29-A9DF-A545960FBB2B}.Release|Any CPU.Build.0 = Release|Any CPU
		{9267E9A6-8066-4C74-AF42-C634C12C0F4D}.Debug|Any CPU.ActiveCfg = Debug|Any CPU
		{9267E9A6-8066-4C74-AF42-C634C12C0F4D}.Debug|Any CPU.Build.0 = Debug|Any CPU
		{9267E9A6-8066-4C74-AF42-C634C12C0F4D}.Release|Any CPU.ActiveCfg = Release|Any CPU
		{9267E9A6-8066-4C74-AF42-C634C12C0F4D}.Release|Any CPU.Build.0 = Release|Any CPU
		{9D14788C-80E8-472D-9309-0CE88637BA7E}.Debug|Any CPU.ActiveCfg = Debug|Any CPU
		{9D14788C-80E8-472D-9309-0CE88637BA7E}.Debug|Any CPU.Build.0 = Debug|Any CPU
		{9D14788C-80E8-472D-9309-0CE88637BA7E}.Release|Any CPU.ActiveCfg = Release|Any CPU
		{9D14788C-80E8-472D-9309-0CE88637BA7E}.Release|Any CPU.Build.0 = Release|Any CPU
	EndGlobalSection
	GlobalSection(SolutionProperties) = preSolution
		HideSolutionNode = FALSE
	EndGlobalSection
	GlobalSection(ExtensibilityGlobals) = postSolution
		SolutionGuid = {DEF18F86-2142-45B9-B395-4B04EC92C45E}
	EndGlobalSection
EndGlobal
