
Microsoft Visual Studio Solution File, Format Version 12.00
# Visual Studio 15
VisualStudioVersion = 15.0.27130.2010
MinimumVisualStudioVersion = 10.0.40219.1
Project("{FAE04EC0-301F-11D3-BF4B-00C04F79EFBC}") = "ProcessImage", "ProcessImage.csproj", "{707E1866-6433-4DF0-8B1C-22FFD412D218}"
EndProject
Global
	GlobalSection(SolutionConfigurationPlatforms) = preSolution
		Debug|Any CPU = Debug|Any CPU
		Release|Any CPU = Release|Any CPU
	EndGlobalSection
	GlobalSection(ProjectConfigurationPlatforms) = postSolution
		{707E1866-6433-4DF0-8B1C-22FFD412D218}.Debug|Any CPU.ActiveCfg = Debug|Any CPU
		{707E1866-6433-4DF0-8B1C-22FFD412D218}.Debug|Any CPU.Build.0 = Debug|Any CPU
		{707E1866-6433-4DF0-8B1C-22FFD412D218}.Release|Any CPU.ActiveCfg = Release|Any CPU
		{707E1866-6433-4DF0-8B1C-22FFD412D218}.Release|Any CPU.Build.0 = Release|Any CPU
	EndGlobalSection
	GlobalSection(SolutionProperties) = preSolution
		HideSolutionNode = FALSE
	EndGlobalSection
	GlobalSection(ExtensibilityGlobals) = postSolution
		SolutionGuid = {307AF6B1-FAA1-4621-9029-179370E95D30}
	EndGlobalSection
EndGlobal
